// !$*UTF8*$!
{
	archiveVersion = 1;
	classes = {
	};
	objectVersion = 56;
	objects = {

/* Begin PBXBuildFile section */
		84006F1029A329EF00F1FC34 /* AppDelegate.swift in Sources */ = {isa = PBXBuildFile; fileRef = 84006F0F29A329EF00F1FC34 /* AppDelegate.swift */; };
		84006F1229A329EF00F1FC34 /* SceneDelegate.swift in Sources */ = {isa = PBXBuildFile; fileRef = 84006F1129A329EF00F1FC34 /* SceneDelegate.swift */; };
		84006F1429A329EF00F1FC34 /* PostViewController.swift in Sources */ = {isa = PBXBuildFile; fileRef = 84006F1329A329EF00F1FC34 /* PostViewController.swift */; };
		84006F1729A329EF00F1FC34 /* Main.storyboard in Resources */ = {isa = PBXBuildFile; fileRef = 84006F1529A329EF00F1FC34 /* Main.storyboard */; };
		84006F1929A329F000F1FC34 /* Assets.xcassets in Resources */ = {isa = PBXBuildFile; fileRef = 84006F1829A329F000F1FC34 /* Assets.xcassets */; };
		84006F1C29A329F000F1FC34 /* LaunchScreen.storyboard in Resources */ = {isa = PBXBuildFile; fileRef = 84006F1A29A329F000F1FC34 /* LaunchScreen.storyboard */; };
		84006F2529A338D200F1FC34 /* NetworkInteractor.swift in Sources */ = {isa = PBXBuildFile; fileRef = 84006F2429A338D200F1FC34 /* NetworkInteractor.swift */; };
		84006F2829A338E300F1FC34 /* ImageCache.swift in Sources */ = {isa = PBXBuildFile; fileRef = 84006F2729A338E300F1FC34 /* ImageCache.swift */; };
		84006F2A29A3396D00F1FC34 /* NetworkEnums.swift in Sources */ = {isa = PBXBuildFile; fileRef = 84006F2929A3396D00F1FC34 /* NetworkEnums.swift */; };
		84006F2D29A339A400F1FC34 /* Models.swift in Sources */ = {isa = PBXBuildFile; fileRef = 84006F2C29A339A400F1FC34 /* Models.swift */; };
		84006F2F29A339BF00F1FC34 /* DataModelProtocol.swift in Sources */ = {isa = PBXBuildFile; fileRef = 84006F2E29A339BF00F1FC34 /* DataModelProtocol.swift */; };
		84006F3229A33B9D00F1FC34 /* PostFeed.swift in Sources */ = {isa = PBXBuildFile; fileRef = 84006F3129A33B9D00F1FC34 /* PostFeed.swift */; };
/* End PBXBuildFile section */

/* Begin PBXFileReference section */
		84006F0C29A329EF00F1FC34 /* SwiftList.app */ = {isa = PBXFileReference; explicitFileType = wrapper.application; includeInIndex = 0; path = SwiftList.app; sourceTree = BUILT_PRODUCTS_DIR; };
		84006F0F29A329EF00F1FC34 /* AppDelegate.swift */ = {isa = PBXFileReference; lastKnownFileType = sourcecode.swift; path = AppDelegate.swift; sourceTree = "<group>"; };
		84006F1129A329EF00F1FC34 /* SceneDelegate.swift */ = {isa = PBXFileReference; lastKnownFileType = sourcecode.swift; path = SceneDelegate.swift; sourceTree = "<group>"; };
		84006F1329A329EF00F1FC34 /* PostViewController.swift */ = {isa = PBXFileReference; lastKnownFileType = sourcecode.swift; path = PostViewController.swift; sourceTree = "<group>"; };
		84006F1629A329EF00F1FC34 /* Base */ = {isa = PBXFileReference; lastKnownFileType = file.storyboard; name = Base; path = Base.lproj/Main.storyboard; sourceTree = "<group>"; };
		84006F1829A329F000F1FC34 /* Assets.xcassets */ = {isa = PBXFileReference; lastKnownFileType = folder.assetcatalog; path = Assets.xcassets; sourceTree = "<group>"; };
		84006F1B29A329F000F1FC34 /* Base */ = {isa = PBXFileReference; lastKnownFileType = file.storyboard; name = Base; path = Base.lproj/LaunchScreen.storyboard; sourceTree = "<group>"; };
		84006F1D29A329F000F1FC34 /* Info.plist */ = {isa = PBXFileReference; lastKnownFileType = text.plist.xml; path = Info.plist; sourceTree = "<group>"; };
		84006F2429A338D200F1FC34 /* NetworkInteractor.swift */ = {isa = PBXFileReference; lastKnownFileType = sourcecode.swift; path = NetworkInteractor.swift; sourceTree = "<group>"; };
		84006F2729A338E300F1FC34 /* ImageCache.swift */ = {isa = PBXFileReference; lastKnownFileType = sourcecode.swift; path = ImageCache.swift; sourceTree = "<group>"; };
		84006F2929A3396D00F1FC34 /* NetworkEnums.swift */ = {isa = PBXFileReference; lastKnownFileType = sourcecode.swift; path = NetworkEnums.swift; sourceTree = "<group>"; };
		84006F2C29A339A400F1FC34 /* Models.swift */ = {isa = PBXFileReference; lastKnownFileType = sourcecode.swift; path = Models.swift; sourceTree = "<group>"; };
		84006F2E29A339BF00F1FC34 /* DataModelProtocol.swift */ = {isa = PBXFileReference; lastKnownFileType = sourcecode.swift; path = DataModelProtocol.swift; sourceTree = "<group>"; };
		84006F3129A33B9D00F1FC34 /* PostFeed.swift */ = {isa = PBXFileReference; lastKnownFileType = sourcecode.swift; path = PostFeed.swift; sourceTree = "<group>"; };
/* End PBXFileReference section */

/* Begin PBXFrameworksBuildPhase section */
		84006F0929A329EF00F1FC34 /* Frameworks */ = {
			isa = PBXFrameworksBuildPhase;
			buildActionMask = 2147483647;
			files = (
			);
			runOnlyForDeploymentPostprocessing = 0;
		};
/* End PBXFrameworksBuildPhase section */

/* Begin PBXGroup section */
		84006F0329A329EF00F1FC34 = {
			isa = PBXGroup;
			children = (
				84006F0E29A329EF00F1FC34 /* SwiftList */,
				84006F0D29A329EF00F1FC34 /* Products */,
			);
			sourceTree = "<group>";
		};
		84006F0D29A329EF00F1FC34 /* Products */ = {
			isa = PBXGroup;
			children = (
				84006F0C29A329EF00F1FC34 /* SwiftList.app */,
			);
			name = Products;
			sourceTree = "<group>";
		};
		84006F0E29A329EF00F1FC34 /* SwiftList */ = {
			isa = PBXGroup;
			children = (
				84006F3029A33B6300F1FC34 /* DataStore */,
				84006F2B29A3399600F1FC34 /* DataModel */,
				84006F2629A338D900F1FC34 /* Cache */,
				84006F2329A338C000F1FC34 /* Network */,
				84006F0F29A329EF00F1FC34 /* AppDelegate.swift */,
				84006F1129A329EF00F1FC34 /* SceneDelegate.swift */,
				84006F1329A329EF00F1FC34 /* PostViewController.swift */,
				84006F1529A329EF00F1FC34 /* Main.storyboard */,
				84006F1829A329F000F1FC34 /* Assets.xcassets */,
				84006F1A29A329F000F1FC34 /* LaunchScreen.storyboard */,
				84006F1D29A329F000F1FC34 /* Info.plist */,
			);
			path = SwiftList;
			sourceTree = "<group>";
		};
		84006F2329A338C000F1FC34 /* Network */ = {
			isa = PBXGroup;
			children = (
				84006F2429A338D200F1FC34 /* NetworkInteractor.swift */,
				84006F2929A3396D00F1FC34 /* NetworkEnums.swift */,
			);
			path = Network;
			sourceTree = "<group>";
		};
		84006F2629A338D900F1FC34 /* Cache */ = {
			isa = PBXGroup;
			children = (
				84006F2729A338E300F1FC34 /* ImageCache.swift */,
			);
			path = Cache;
			sourceTree = "<group>";
		};
		84006F2B29A3399600F1FC34 /* DataModel */ = {
			isa = PBXGroup;
			children = (
				84006F2C29A339A400F1FC34 /* Models.swift */,
				84006F2E29A339BF00F1FC34 /* DataModelProtocol.swift */,
			);
			path = DataModel;
			sourceTree = "<group>";
		};
		84006F3029A33B6300F1FC34 /* DataStore */ = {
			isa = PBXGroup;
			children = (
				84006F3129A33B9D00F1FC34 /* PostFeed.swift */,
			);
			path = DataStore;
			sourceTree = "<group>";
		};
/* End PBXGroup section */

/* Begin PBXNativeTarget section */
		84006F0B29A329EF00F1FC34 /* SwiftList */ = {
			isa = PBXNativeTarget;
			buildConfigurationList = 84006F2029A329F000F1FC34 /* Build configuration list for PBXNativeTarget "SwiftList" */;
			buildPhases = (
				84006F0829A329EF00F1FC34 /* Sources */,
				84006F0929A329EF00F1FC34 /* Frameworks */,
				84006F0A29A329EF00F1FC34 /* Resources */,
			);
			buildRules = (
			);
			dependencies = (
			);
			name = SwiftList;
			productName = SwiftList;
			productReference = 84006F0C29A329EF00F1FC34 /* SwiftList.app */;
			productType = "com.apple.product-type.application";
		};
/* End PBXNativeTarget section */

/* Begin PBXProject section */
		84006F0429A329EF00F1FC34 /* Project object */ = {
			isa = PBXProject;
			attributes = {
				BuildIndependentTargetsInParallel = 1;
				LastSwiftUpdateCheck = 1420;
				LastUpgradeCheck = 1420;
				TargetAttributes = {
					84006F0B29A329EF00F1FC34 = {
						CreatedOnToolsVersion = 14.2;
					};
				};
			};
			buildConfigurationList = 84006F0729A329EF00F1FC34 /* Build configuration list for PBXProject "SwiftList" */;
			compatibilityVersion = "Xcode 14.0";
			developmentRegion = en;
			hasScannedForEncodings = 0;
			knownRegions = (
				en,
				Base,
			);
			mainGroup = 84006F0329A329EF00F1FC34;
			productRefGroup = 84006F0D29A329EF00F1FC34 /* Products */;
			projectDirPath = "";
			projectRoot = "";
			targets = (
				84006F0B29A329EF00F1FC34 /* SwiftList */,
			);
		};
/* End PBXProject section */

/* Begin PBXResourcesBuildPhase section */
		84006F0A29A329EF00F1FC34 /* Resources */ = {
			isa = PBXResourcesBuildPhase;
			buildActionMask = 2147483647;
			files = (
				84006F1C29A329F000F1FC34 /* LaunchScreen.storyboard in Resources */,
				84006F1929A329F000F1FC34 /* Assets.xcassets in Resources */,
				84006F1729A329EF00F1FC34 /* Main.storyboard in Resources */,
			);
			runOnlyForDeploymentPostprocessing = 0;
		};
/* End PBXResourcesBuildPhase section */

/* Begin PBXSourcesBuildPhase section */
		84006F0829A329EF00F1FC34 /* Sources */ = {
			isa = PBXSourcesBuildPhase;
			buildActionMask = 2147483647;
			files = (
				84006F2829A338E300F1FC34 /* ImageCache.swift in Sources */,
				84006F1429A329EF00F1FC34 /* PostViewController.swift in Sources */,
				84006F3229A33B9D00F1FC34 /* PostFeed.swift in Sources */,
				84006F1029A329EF00F1FC34 /* AppDelegate.swift in Sources */,
				84006F2F29A339BF00F1FC34 /* DataModelProtocol.swift in Sources */,
				84006F1229A329EF00F1FC34 /* SceneDelegate.swift in Sources */,
				84006F2529A338D200F1FC34 /* NetworkInteractor.swift in Sources */,
				84006F2D29A339A400F1FC34 /* Models.swift in Sources */,
				84006F2A29A3396D00F1FC34 /* NetworkEnums.swift in Sources */,
			);
			runOnlyForDeploymentPostprocessing = 0;
		};
/* End PBXSourcesBuildPhase section */

/* Begin PBXVariantGroup section */
		84006F1529A329EF00F1FC34 /* Main.storyboard */ = {
			isa = PBXVariantGroup;
			children = (
				84006F1629A329EF00F1FC34 /* Base */,
			);
			name = Main.storyboard;
			sourceTree = "<group>";
		};
		84006F1A29A329F000F1FC34 /* LaunchScreen.storyboard */ = {
			isa = PBXVariantGroup;
			children = (
				84006F1B29A329F000F1FC34 /* Base */,
			);
			name = LaunchScreen.storyboard;
			sourceTree = "<group>";
		};
/* End PBXVariantGroup section */

/* Begin XCBuildConfiguration section */
		84006F1E29A329F000F1FC34 /* Debug */ = {
			isa = XCBuildConfiguration;
			buildSettings = {
				ALWAYS_SEARCH_USER_PATHS = NO;
				CLANG_ANALYZER_NONNULL = YES;
				CLANG_ANALYZER_NUMBER_OBJECT_CONVERSION = YES_AGGRESSIVE;
				CLANG_CXX_LANGUAGE_STANDARD = "gnu++20";
				CLANG_ENABLE_MODULES = YES;
				CLANG_ENABLE_OBJC_ARC = YES;
				CLANG_ENABLE_OBJC_WEAK = YES;
				CLANG_WARN_BLOCK_CAPTURE_AUTORELEASING = YES;
				CLANG_WARN_BOOL_CONVERSION = YES;
				CLANG_WARN_COMMA = YES;
				CLANG_WARN_CONSTANT_CONVERSION = YES;
				CLANG_WARN_DEPRECATED_OBJC_IMPLEMENTATIONS = YES;
				CLANG_WARN_DIRECT_OBJC_ISA_USAGE = YES_ERROR;
				CLANG_WARN_DOCUMENTATION_COMMENTS = YES;
				CLANG_WARN_EMPTY_BODY = YES;
				CLANG_WARN_ENUM_CONVERSION = YES;
				CLANG_WARN_INFINITE_RECURSION = YES;
				CLANG_WARN_INT_CONVERSION = YES;
				CLANG_WARN_NON_LITERAL_NULL_CONVERSION = YES;
				CLANG_WARN_OBJC_IMPLICIT_RETAIN_SELF = YES;
				CLANG_WARN_OBJC_LITERAL_CONVERSION = YES;
				CLANG_WARN_OBJC_ROOT_CLASS = YES_ERROR;
				CLANG_WARN_QUOTED_INCLUDE_IN_FRAMEWORK_HEADER = YES;
				CLANG_WARN_RANGE_LOOP_ANALYSIS = YES;
				CLANG_WARN_STRICT_PROTOTYPES = YES;
				CLANG_WARN_SUSPICIOUS_MOVE = YES;
				CLANG_WARN_UNGUARDED_AVAILABILITY = YES_AGGRESSIVE;
				CLANG_WARN_UNREACHABLE_CODE = YES;
				CLANG_WARN__DUPLICATE_METHOD_MATCH = YES;
				COPY_PHASE_STRIP = NO;
				DEBUG_INFORMATION_FORMAT = dwarf;
				ENABLE_STRICT_OBJC_MSGSEND = YES;
				ENABLE_TESTABILITY = YES;
				GCC_C_LANGUAGE_STANDARD = gnu11;
				GCC_DYNAMIC_NO_PIC = NO;
				GCC_NO_COMMON_BLOCKS = YES;
				GCC_OPTIMIZATION_LEVEL = 0;
				GCC_PREPROCESSOR_DEFINITIONS = (
					"DEBUG=1",
					"$(inherited)",
				);
				GCC_WARN_64_TO_32_BIT_CONVERSION = YES;
				GCC_WARN_ABOUT_RETURN_TYPE = YES_ERROR;
				GCC_WARN_UNDECLARED_SELECTOR = YES;
				GCC_WARN_UNINITIALIZED_AUTOS = YES_AGGRESSIVE;
				GCC_WARN_UNUSED_FUNCTION = YES;
				GCC_WARN_UNUSED_VARIABLE = YES;
				IPHONEOS_DEPLOYMENT_TARGET = 16.2;
				MTL_ENABLE_DEBUG_INFO = INCLUDE_SOURCE;
				MTL_FAST_MATH = YES;
				ONLY_ACTIVE_ARCH = YES;
				SDKROOT = iphoneos;
				SWIFT_ACTIVE_COMPILATION_CONDITIONS = DEBUG;
				SWIFT_OPTIMIZATION_LEVEL = "-Onone";
			};
			name = Debug;
		};
		84006F1F29A329F000F1FC34 /* Release */ = {
			isa = XCBuildConfiguration;
			buildSettings = {
				ALWAYS_SEARCH_USER_PATHS = NO;
				CLANG_ANALYZER_NONNULL = YES;
				CLANG_ANALYZER_NUMBER_OBJECT_CONVERSION = YES_AGGRESSIVE;
				CLANG_CXX_LANGUAGE_STANDARD = "gnu++20";
				CLANG_ENABLE_MODULES = YES;
				CLANG_ENABLE_OBJC_ARC = YES;
				CLANG_ENABLE_OBJC_WEAK = YES;
				CLANG_WARN_BLOCK_CAPTURE_AUTORELEASING = YES;
				CLANG_WARN_BOOL_CONVERSION = YES;
				CLANG_WARN_COMMA = YES;
				CLANG_WARN_CONSTANT_CONVERSION = YES;
				CLANG_WARN_DEPRECATED_OBJC_IMPLEMENTATIONS = YES;
				CLANG_WARN_DIRECT_OBJC_ISA_USAGE = YES_ERROR;
				CLANG_WARN_DOCUMENTATION_COMMENTS = YES;
				CLANG_WARN_EMPTY_BODY = YES;
				CLANG_WARN_ENUM_CONVERSION = YES;
				CLANG_WARN_INFINITE_RECURSION = YES;
				CLANG_WARN_INT_CONVERSION = YES;
				CLANG_WARN_NON_LITERAL_NULL_CONVERSION = YES;
				CLANG_WARN_OBJC_IMPLICIT_RETAIN_SELF = YES;
				CLANG_WARN_OBJC_LITERAL_CONVERSION = YES;
				CLANG_WARN_OBJC_ROOT_CLASS = YES_ERROR;
				CLANG_WARN_QUOTED_INCLUDE_IN_FRAMEWORK_HEADER = YES;
				CLANG_WARN_RANGE_LOOP_ANALYSIS = YES;
				CLANG_WARN_STRICT_PROTOTYPES = YES;
				CLANG_WARN_SUSPICIOUS_MOVE = YES;
				CLANG_WARN_UNGUARDED_AVAILABILITY = YES_AGGRESSIVE;
				CLANG_WARN_UNREACHABLE_CODE = YES;
				CLANG_WARN__DUPLICATE_METHOD_MATCH = YES;
				COPY_PHASE_STRIP = NO;
				DEBUG_INFORMATION_FORMAT = "dwarf-with-dsym";
				ENABLE_NS_ASSERTIONS = NO;
				ENABLE_STRICT_OBJC_MSGSEND = YES;
				GCC_C_LANGUAGE_STANDARD = gnu11;
				GCC_NO_COMMON_BLOCKS = YES;
				GCC_WARN_64_TO_32_BIT_CONVERSION = YES;
				GCC_WARN_ABOUT_RETURN_TYPE = YES_ERROR;
				GCC_WARN_UNDECLARED_SELECTOR = YES;
				GCC_WARN_UNINITIALIZED_AUTOS = YES_AGGRESSIVE;
				GCC_WARN_UNUSED_FUNCTION = YES;
				GCC_WARN_UNUSED_VARIABLE = YES;
				IPHONEOS_DEPLOYMENT_TARGET = 16.2;
				MTL_ENABLE_DEBUG_INFO = NO;
				MTL_FAST_MATH = YES;
				SDKROOT = iphoneos;
				SWIFT_COMPILATION_MODE = wholemodule;
				SWIFT_OPTIMIZATION_LEVEL = "-O";
				VALIDATE_PRODUCT = YES;
			};
			name = Release;
		};
		84006F2129A329F000F1FC34 /* Debug */ = {
			isa = XCBuildConfiguration;
			buildSettings = {
				ASSETCATALOG_COMPILER_APPICON_NAME = AppIcon;
				ASSETCATALOG_COMPILER_GLOBAL_ACCENT_COLOR_NAME = AccentColor;
				CODE_SIGN_STYLE = Automatic;
				CURRENT_PROJECT_VERSION = 1;
				DEVELOPMENT_TEAM = 2UNMMBBBM3;
				GENERATE_INFOPLIST_FILE = YES;
				INFOPLIST_FILE = SwiftList/Info.plist;
				INFOPLIST_KEY_UIApplicationSupportsIndirectInputEvents = YES;
				INFOPLIST_KEY_UILaunchStoryboardName = LaunchScreen;
				INFOPLIST_KEY_UIMainStoryboardFile = Main;
				INFOPLIST_KEY_UISupportedInterfaceOrientations_iPad = "UIInterfaceOrientationPortrait UIInterfaceOrientationPortraitUpsideDown UIInterfaceOrientationLandscapeLeft UIInterfaceOrientationLandscapeRight";
				INFOPLIST_KEY_UISupportedInterfaceOrientations_iPhone = "UIInterfaceOrientationPortrait UIInterfaceOrientationLandscapeLeft UIInterfaceOrientationLandscapeRight";
				LD_RUNPATH_SEARCH_PATHS = (
					"$(inherited)",
					"@executable_path/Frameworks",
				);
				MARKETING_VERSION = 1.0;
				PRODUCT_BUNDLE_IDENTIFIER = com.aairde.SwiftList;
				PRODUCT_NAME = "$(TARGET_NAME)";
				SWIFT_EMIT_LOC_STRINGS = YES;
				SWIFT_VERSION = 5.0;
				TARGETED_DEVICE_FAMILY = "1,2";
			};
			name = Debug;
		};
		84006F2229A329F000F1FC34 /* Release */ = {
			isa = XCBuildConfiguration;
			buildSettings = {
				ASSETCATALOG_COMPILER_APPICON_NAME = AppIcon;
				ASSETCATALOG_COMPILER_GLOBAL_ACCENT_COLOR_NAME = AccentColor;
				CODE_SIGN_STYLE = Automatic;
				CURRENT_PROJECT_VERSION = 1;
				DEVELOPMENT_TEAM = 2UNMMBBBM3;
				GENERATE_INFOPLIST_FILE = YES;
				INFOPLIST_FILE = SwiftList/Info.plist;
				INFOPLIST_KEY_UIApplicationSupportsIndirectInputEvents = YES;
				INFOPLIST_KEY_UILaunchStoryboardName = LaunchScreen;
				INFOPLIST_KEY_UIMainStoryboardFile = Main;
				INFOPLIST_KEY_UISupportedInterfaceOrientations_iPad = "UIInterfaceOrientationPortrait UIInterfaceOrientationPortraitUpsideDown UIInterfaceOrientationLandscapeLeft UIInterfaceOrientationLandscapeRight";
				INFOPLIST_KEY_UISupportedInterfaceOrientations_iPhone = "UIInterfaceOrientationPortrait UIInterfaceOrientationLandscapeLeft UIInterfaceOrientationLandscapeRight";
				LD_RUNPATH_SEARCH_PATHS = (
					"$(inherited)",
					"@executable_path/Frameworks",
				);
				MARKETING_VERSION = 1.0;
				PRODUCT_BUNDLE_IDENTIFIER = com.aairde.SwiftList;
				PRODUCT_NAME = "$(TARGET_NAME)";
				SWIFT_EMIT_LOC_STRINGS = YES;
				SWIFT_VERSION = 5.0;
				TARGETED_DEVICE_FAMILY = "1,2";
			};
			name = Release;
		};
/* End XCBuildConfiguration section */

/* Begin XCConfigurationList section */
		84006F0729A329EF00F1FC34 /* Build configuration list for PBXProject "SwiftList" */ = {
			isa = XCConfigurationList;
			buildConfigurations = (
				84006F1E29A329F000F1FC34 /* Debug */,
				84006F1F29A329F000F1FC34 /* Release */,
			);
			defaultConfigurationIsVisible = 0;
			defaultConfigurationName = Release;
		};
		84006F2029A329F000F1FC34 /* Build configuration list for PBXNativeTarget "SwiftList" */ = {
			isa = XCConfigurationList;
			buildConfigurations = (
				84006F2129A329F000F1FC34 /* Debug */,
				84006F2229A329F000F1FC34 /* Release */,
			);
			defaultConfigurationIsVisible = 0;
			defaultConfigurationName = Release;
		};
/* End XCConfigurationList section */
	};
	rootObject = 84006F0429A329EF00F1FC34 /* Project object */;
}
